// !$*UTF8*$!
{
	archiveVersion = 1;
	classes = {
	};
	objectVersion = 56;
	objects = {

/* Begin PBXBuildFile section */
		F89CBDE52B03C11F004160EB /* AppDelegate.swift in Sources */ = {isa = PBXBuildFile; fileRef = F89CBDE42B03C11F004160EB /* AppDelegate.swift */; };
		F89CBDE72B03C11F004160EB /* GameViewController.swift in Sources */ = {isa = PBXBuildFile; fileRef = F89CBDE62B03C11F004160EB /* GameViewController.swift */; };
		F89CBDEB2B03C121004160EB /* Assets.xcassets in Resources */ = {isa = PBXBuildFile; fileRef = F89CBDEA2B03C121004160EB /* Assets.xcassets */; };
		F89CBDEE2B03C121004160EB /* Main.storyboard in Resources */ = {isa = PBXBuildFile; fileRef = F89CBDEC2B03C121004160EB /* Main.storyboard */; };
		F89CBDF62B03C338004160EB /* Utils.swift in Sources */ = {isa = PBXBuildFile; fileRef = F89CBDF52B03C338004160EB /* Utils.swift */; };
		F89CBDF82B03C3BF004160EB /* ShapeType.swift in Sources */ = {isa = PBXBuildFile; fileRef = F89CBDF72B03C3BF004160EB /* ShapeType.swift */; };
		F89CBDFA2B03C4DB004160EB /* SceneKit Asset Catalog.scnassets in Resources */ = {isa = PBXBuildFile; fileRef = F89CBDF92B03C4DB004160EB /* SceneKit Asset Catalog.scnassets */; };
/* End PBXBuildFile section */

/* Begin PBXFileReference section */
		F89CBDE12B03C11F004160EB /* scenekit-demo-macos.app */ = {isa = PBXFileReference; explicitFileType = wrapper.application; includeInIndex = 0; path = "scenekit-demo-macos.app"; sourceTree = BUILT_PRODUCTS_DIR; };
		F89CBDE42B03C11F004160EB /* AppDelegate.swift */ = {isa = PBXFileReference; lastKnownFileType = sourcecode.swift; path = AppDelegate.swift; sourceTree = "<group>"; };
		F89CBDE62B03C11F004160EB /* GameViewController.swift */ = {isa = PBXFileReference; lastKnownFileType = sourcecode.swift; path = GameViewController.swift; sourceTree = "<group>"; };
		F89CBDEA2B03C121004160EB /* Assets.xcassets */ = {isa = PBXFileReference; lastKnownFileType = folder.assetcatalog; path = Assets.xcassets; sourceTree = "<group>"; };
		F89CBDED2B03C121004160EB /* Base */ = {isa = PBXFileReference; lastKnownFileType = file.storyboard; name = Base; path = Base.lproj/Main.storyboard; sourceTree = "<group>"; };
		F89CBDEF2B03C121004160EB /* scenekit_demo_macos.entitlements */ = {isa = PBXFileReference; lastKnownFileType = text.plist.entitlements; path = scenekit_demo_macos.entitlements; sourceTree = "<group>"; };
		F89CBDF52B03C338004160EB /* Utils.swift */ = {isa = PBXFileReference; lastKnownFileType = sourcecode.swift; path = Utils.swift; sourceTree = "<group>"; };
		F89CBDF72B03C3BF004160EB /* ShapeType.swift */ = {isa = PBXFileReference; lastKnownFileType = sourcecode.swift; path = ShapeType.swift; sourceTree = "<group>"; };
		F89CBDF92B03C4DB004160EB /* SceneKit Asset Catalog.scnassets */ = {isa = PBXFileReference; lastKnownFileType = wrapper.scnassets; path = "SceneKit Asset Catalog.scnassets"; sourceTree = "<group>"; };
/* End PBXFileReference section */

/* Begin PBXFrameworksBuildPhase section */
		F89CBDDE2B03C11F004160EB /* Frameworks */ = {
			isa = PBXFrameworksBuildPhase;
			buildActionMask = 2147483647;
			files = (
			);
			runOnlyForDeploymentPostprocessing = 0;
		};
/* End PBXFrameworksBuildPhase section */

/* Begin PBXGroup section */
		F89CBDD82B03C11F004160EB = {
			isa = PBXGroup;
			children = (
				F89CBDE32B03C11F004160EB /* scenekit-demo-macos */,
				F89CBDE22B03C11F004160EB /* Products */,
			);
			sourceTree = "<group>";
		};
		F89CBDE22B03C11F004160EB /* Products */ = {
			isa = PBXGroup;
			children = (
				F89CBDE12B03C11F004160EB /* scenekit-demo-macos.app */,
			);
			name = Products;
			sourceTree = "<group>";
		};
		F89CBDE32B03C11F004160EB /* scenekit-demo-macos */ = {
			isa = PBXGroup;
			children = (
				F89CBDE42B03C11F004160EB /* AppDelegate.swift */,
				F89CBDE62B03C11F004160EB /* GameViewController.swift */,
				F89CBDF72B03C3BF004160EB /* ShapeType.swift */,
				F89CBDF52B03C338004160EB /* Utils.swift */,
				F89CBDF92B03C4DB004160EB /* SceneKit Asset Catalog.scnassets */,
				F89CBDEA2B03C121004160EB /* Assets.xcassets */,
				F89CBDEC2B03C121004160EB /* Main.storyboard */,
				F89CBDEF2B03C121004160EB /* scenekit_demo_macos.entitlements */,
			);
			path = "scenekit-demo-macos";
			sourceTree = "<group>";
		};
/* End PBXGroup section */

/* Begin PBXNativeTarget section */
		F89CBDE02B03C11F004160EB /* scenekit-demo-macos */ = {
			isa = PBXNativeTarget;
			buildConfigurationList = F89CBDF22B03C121004160EB /* Build configuration list for PBXNativeTarget "scenekit-demo-macos" */;
			buildPhases = (
				F89CBDDD2B03C11F004160EB /* Sources */,
				F89CBDDE2B03C11F004160EB /* Frameworks */,
				F89CBDDF2B03C11F004160EB /* Resources */,
			);
			buildRules = (
			);
			dependencies = (
			);
			name = "scenekit-demo-macos";
			productName = "scenekit-demo-macos";
			productReference = F89CBDE12B03C11F004160EB /* scenekit-demo-macos.app */;
			productType = "com.apple.product-type.application";
		};
/* End PBXNativeTarget section */

/* Begin PBXProject section */
		F89CBDD92B03C11F004160EB /* Project object */ = {
			isa = PBXProject;
			attributes = {
				BuildIndependentTargetsInParallel = 1;
				LastSwiftUpdateCheck = 1500;
				LastUpgradeCheck = 1500;
				TargetAttributes = {
					F89CBDE02B03C11F004160EB = {
						CreatedOnToolsVersion = 15.0.1;
					};
				};
			};
			buildConfigurationList = F89CBDDC2B03C11F004160EB /* Build configuration list for PBXProject "scenekit-demo-macos" */;
			compatibilityVersion = "Xcode 14.0";
			developmentRegion = en;
			hasScannedForEncodings = 0;
			knownRegions = (
				en,
				Base,
			);
			mainGroup = F89CBDD82B03C11F004160EB;
			productRefGroup = F89CBDE22B03C11F004160EB /* Products */;
			projectDirPath = "";
			projectRoot = "";
			targets = (
				F89CBDE02B03C11F004160EB /* scenekit-demo-macos */,
			);
		};
/* End PBXProject section */

/* Begin PBXResourcesBuildPhase section */
		F89CBDDF2B03C11F004160EB /* Resources */ = {
			isa = PBXResourcesBuildPhase;
			buildActionMask = 2147483647;
			files = (
				F89CBDEE2B03C121004160EB /* Main.storyboard in Resources */,
				F89CBDFA2B03C4DB004160EB /* SceneKit Asset Catalog.scnassets in Resources */,
				F89CBDEB2B03C121004160EB /* Assets.xcassets in Resources */,
			);
			runOnlyForDeploymentPostprocessing = 0;
		};
/* End PBXResourcesBuildPhase section */

/* Begin PBXSourcesBuildPhase section */
		F89CBDDD2B03C11F004160EB /* Sources */ = {
			isa = PBXSourcesBuildPhase;
			buildActionMask = 2147483647;
			files = (
				F89CBDE72B03C11F004160EB /* GameViewController.swift in Sources */,
				F89CBDF82B03C3BF004160EB /* ShapeType.swift in Sources */,
				F89CBDE52B03C11F004160EB /* AppDelegate.swift in Sources */,
				F89CBDF62B03C338004160EB /* Utils.swift in Sources */,
			);
			runOnlyForDeploymentPostprocessing = 0;
		};
/* End PBXSourcesBuildPhase section */

/* Begin PBXVariantGroup section */
		F89CBDEC2B03C121004160EB /* Main.storyboard */ = {
			isa = PBXVariantGroup;
			children = (
				F89CBDED2B03C121004160EB /* Base */,
			);
			name = Main.storyboard;
			sourceTree = "<group>";
		};
/* End PBXVariantGroup section */

/* Begin XCBuildConfiguration section */
		F89CBDF02B03C121004160EB /* Debug */ = {
			isa = XCBuildConfiguration;
			buildSettings = {
				ALWAYS_SEARCH_USER_PATHS = NO;
				ASSETCATALOG_COMPILER_GENERATE_SWIFT_ASSET_SYMBOL_EXTENSIONS = YES;
				CLANG_ANALYZER_NONNULL = YES;
				CLANG_ANALYZER_NUMBER_OBJECT_CONVERSION = YES_AGGRESSIVE;
				CLANG_CXX_LANGUAGE_STANDARD = "gnu++20";
				CLANG_ENABLE_MODULES = YES;
				CLANG_ENABLE_OBJC_ARC = YES;
				CLANG_ENABLE_OBJC_WEAK = YES;
				CLANG_WARN_BLOCK_CAPTURE_AUTORELEASING = YES;
				CLANG_WARN_BOOL_CONVERSION = YES;
				CLANG_WARN_COMMA = YES;
				CLANG_WARN_CONSTANT_CONVERSION = YES;
				CLANG_WARN_DEPRECATED_OBJC_IMPLEMENTATIONS = YES;
				CLANG_WARN_DIRECT_OBJC_ISA_USAGE = YES_ERROR;
				CLANG_WARN_DOCUMENTATION_COMMENTS = YES;
				CLANG_WARN_EMPTY_BODY = YES;
				CLANG_WARN_ENUM_CONVERSION = YES;
				CLANG_WARN_INFINITE_RECURSION = YES;
				CLANG_WARN_INT_CONVERSION = YES;
				CLANG_WARN_NON_LITERAL_NULL_CONVERSION = YES;
				CLANG_WARN_OBJC_IMPLICIT_RETAIN_SELF = YES;
				CLANG_WARN_OBJC_LITERAL_CONVERSION = YES;
				CLANG_WARN_OBJC_ROOT_CLASS = YES_ERROR;
				CLANG_WARN_QUOTED_INCLUDE_IN_FRAMEWORK_HEADER = YES;
				CLANG_WARN_RANGE_LOOP_ANALYSIS = YES;
				CLANG_WARN_STRICT_PROTOTYPES = YES;
				CLANG_WARN_SUSPICIOUS_MOVE = YES;
				CLANG_WARN_UNGUARDED_AVAILABILITY = YES_AGGRESSIVE;
				CLANG_WARN_UNREACHABLE_CODE = YES;
				CLANG_WARN__DUPLICATE_METHOD_MATCH = YES;
				COPY_PHASE_STRIP = NO;
				DEBUG_INFORMATION_FORMAT = dwarf;
				ENABLE_STRICT_OBJC_MSGSEND = YES;
				ENABLE_TESTABILITY = YES;
				ENABLE_USER_SCRIPT_SANDBOXING = YES;
				GCC_C_LANGUAGE_STANDARD = gnu17;
				GCC_DYNAMIC_NO_PIC = NO;
				GCC_NO_COMMON_BLOCKS = YES;
				GCC_OPTIMIZATION_LEVEL = 0;
				GCC_PREPROCESSOR_DEFINITIONS = (
					"DEBUG=1",
					"$(inherited)",
				);
				GCC_WARN_64_TO_32_BIT_CONVERSION = YES;
				GCC_WARN_ABOUT_RETURN_TYPE = YES_ERROR;
				GCC_WARN_UNDECLARED_SELECTOR = YES;
				GCC_WARN_UNINITIALIZED_AUTOS = YES_AGGRESSIVE;
				GCC_WARN_UNUSED_FUNCTION = YES;
				GCC_WARN_UNUSED_VARIABLE = YES;
				LOCALIZATION_PREFERS_STRING_CATALOGS = YES;
				MACOSX_DEPLOYMENT_TARGET = 14.0;
				MTL_ENABLE_DEBUG_INFO = INCLUDE_SOURCE;
				MTL_FAST_MATH = YES;
				ONLY_ACTIVE_ARCH = YES;
				SDKROOT = macosx;
				SWIFT_ACTIVE_COMPILATION_CONDITIONS = "DEBUG $(inherited)";
				SWIFT_OPTIMIZATION_LEVEL = "-Onone";
			};
			name = Debug;
		};
		F89CBDF12B03C121004160EB /* Release */ = {
			isa = XCBuildConfiguration;
			buildSettings = {
				ALWAYS_SEARCH_USER_PATHS = NO;
				ASSETCATALOG_COMPILER_GENERATE_SWIFT_ASSET_SYMBOL_EXTENSIONS = YES;
				CLANG_ANALYZER_NONNULL = YES;
				CLANG_ANALYZER_NUMBER_OBJECT_CONVERSION = YES_AGGRESSIVE;
				CLANG_CXX_LANGUAGE_STANDARD = "gnu++20";
				CLANG_ENABLE_MODULES = YES;
				CLANG_ENABLE_OBJC_ARC = YES;
				CLANG_ENABLE_OBJC_WEAK = YES;
				CLANG_WARN_BLOCK_CAPTURE_AUTORELEASING = YES;
				CLANG_WARN_BOOL_CONVERSION = YES;
				CLANG_WARN_COMMA = YES;
				CLANG_WARN_CONSTANT_CONVERSION = YES;
				CLANG_WARN_DEPRECATED_OBJC_IMPLEMENTATIONS = YES;
				CLANG_WARN_DIRECT_OBJC_ISA_USAGE = YES_ERROR;
				CLANG_WARN_DOCUMENTATION_COMMENTS = YES;
				CLANG_WARN_EMPTY_BODY = YES;
				CLANG_WARN_ENUM_CONVERSION = YES;
				CLANG_WARN_INFINITE_RECURSION = YES;
				CLANG_WARN_INT_CONVERSION = YES;
				CLANG_WARN_NON_LITERAL_NULL_CONVERSION = YES;
				CLANG_WARN_OBJC_IMPLICIT_RETAIN_SELF = YES;
				CLANG_WARN_OBJC_LITERAL_CONVERSION = YES;
				CLANG_WARN_OBJC_ROOT_CLASS = YES_ERROR;
				CLANG_WARN_QUOTED_INCLUDE_IN_FRAMEWORK_HEADER = YES;
				CLANG_WARN_RANGE_LOOP_ANALYSIS = YES;
				CLANG_WARN_STRICT_PROTOTYPES = YES;
				CLANG_WARN_SUSPICIOUS_MOVE = YES;
				CLANG_WARN_UNGUARDED_AVAILABILITY = YES_AGGRESSIVE;
				CLANG_WARN_UNREACHABLE_CODE = YES;
				CLANG_WARN__DUPLICATE_METHOD_MATCH = YES;
				COPY_PHASE_STRIP = NO;
				DEBUG_INFORMATION_FORMAT = "dwarf-with-dsym";
				ENABLE_NS_ASSERTIONS = NO;
				ENABLE_STRICT_OBJC_MSGSEND = YES;
				ENABLE_USER_SCRIPT_SANDBOXING = YES;
				GCC_C_LANGUAGE_STANDARD = gnu17;
				GCC_NO_COMMON_BLOCKS = YES;
				GCC_WARN_64_TO_32_BIT_CONVERSION = YES;
				GCC_WARN_ABOUT_RETURN_TYPE = YES_ERROR;
				GCC_WARN_UNDECLARED_SELECTOR = YES;
				GCC_WARN_UNINITIALIZED_AUTOS = YES_AGGRESSIVE;
				GCC_WARN_UNUSED_FUNCTION = YES;
				GCC_WARN_UNUSED_VARIABLE = YES;
				LOCALIZATION_PREFERS_STRING_CATALOGS = YES;
				MACOSX_DEPLOYMENT_TARGET = 14.0;
				MTL_ENABLE_DEBUG_INFO = NO;
				MTL_FAST_MATH = YES;
				SDKROOT = macosx;
				SWIFT_COMPILATION_MODE = wholemodule;
			};
			name = Release;
		};
		F89CBDF32B03C121004160EB /* Debug */ = {
			isa = XCBuildConfiguration;
			buildSettings = {
				ASSETCATALOG_COMPILER_APPICON_NAME = AppIcon;
				ASSETCATALOG_COMPILER_GLOBAL_ACCENT_COLOR_NAME = AccentColor;
				CODE_SIGN_ENTITLEMENTS = "scenekit-demo-macos/scenekit_demo_macos.entitlements";
				CODE_SIGN_STYLE = Automatic;
				COMBINE_HIDPI_IMAGES = YES;
				CURRENT_PROJECT_VERSION = 1;
				DEVELOPMENT_TEAM = "";
				ENABLE_HARDENED_RUNTIME = YES;
				GENERATE_INFOPLIST_FILE = YES;
				INFOPLIST_KEY_NSHumanReadableCopyright = "";
				INFOPLIST_KEY_NSMainStoryboardFile = Main;
				INFOPLIST_KEY_NSPrincipalClass = NSApplication;
				LD_RUNPATH_SEARCH_PATHS = (
					"$(inherited)",
					"@executable_path/../Frameworks",
				);
				MARKETING_VERSION = 1.0;
				PRODUCT_BUNDLE_IDENTIFIER = "com.codetouch.scenekit-demo-macos";
				PRODUCT_NAME = "$(TARGET_NAME)";
				SWIFT_EMIT_LOC_STRINGS = YES;
				SWIFT_VERSION = 5.0;
			};
			name = Debug;
		};
		F89CBDF42B03C121004160EB /* Release */ = {
			isa = XCBuildConfiguration;
			buildSettings = {
				ASSETCATALOG_COMPILER_APPICON_NAME = AppIcon;
				ASSETCATALOG_COMPILER_GLOBAL_ACCENT_COLOR_NAME = AccentColor;
				CODE_SIGN_ENTITLEMENTS = "scenekit-demo-macos/scenekit_demo_macos.entitlements";
				CODE_SIGN_STYLE = Automatic;
				COMBINE_HIDPI_IMAGES = YES;
				CURRENT_PROJECT_VERSION = 1;
				DEVELOPMENT_TEAM = "";
				ENABLE_HARDENED_RUNTIME = YES;
				GENERATE_INFOPLIST_FILE = YES;
				INFOPLIST_KEY_NSHumanReadableCopyright = "";
				INFOPLIST_KEY_NSMainStoryboardFile = Main;
				INFOPLIST_KEY_NSPrincipalClass = NSApplication;
				LD_RUNPATH_SEARCH_PATHS = (
					"$(inherited)",
					"@executable_path/../Frameworks",
				);
				MARKETING_VERSION = 1.0;
				PRODUCT_BUNDLE_IDENTIFIER = "com.codetouch.scenekit-demo-macos";
				PRODUCT_NAME = "$(TARGET_NAME)";
				SWIFT_EMIT_LOC_STRINGS = YES;
				SWIFT_VERSION = 5.0;
			};
			name = Release;
		};
/* End XCBuildConfiguration section */

/* Begin XCConfigurationList section */
		F89CBDDC2B03C11F004160EB /* Build configuration list for PBXProject "scenekit-demo-macos" */ = {
			isa = XCConfigurationList;
			buildConfigurations = (
				F89CBDF02B03C121004160EB /* Debug */,
				F89CBDF12B03C121004160EB /* Release */,
			);
			defaultConfigurationIsVisible = 0;
			defaultConfigurationName = Release;
		};
		F89CBDF22B03C121004160EB /* Build configuration list for PBXNativeTarget "scenekit-demo-macos" */ = {
			isa = XCConfigurationList;
			buildConfigurations = (
				F89CBDF32B03C121004160EB /* Debug */,
				F89CBDF42B03C121004160EB /* Release */,
			);
			defaultConfigurationIsVisible = 0;
			defaultConfigurationName = Release;
		};
/* End XCConfigurationList section */
	};
	rootObject = F89CBDD92B03C11F004160EB /* Project object */;
}
